// !$*UTF8*$!
{
	archiveVersion = 1;
	classes = {
	};
	objectVersion = 55;
	objects = {

/* Begin PBXBuildFile section */
		63F16263286D271E0062DE78 /* AppDelegate.swift in Sources */ = {isa = PBXBuildFile; fileRef = 63F16262286D271E0062DE78 /* AppDelegate.swift */; };
		63F1626C286D27200062DE78 /* Assets.xcassets in Resources */ = {isa = PBXBuildFile; fileRef = 63F1626B286D27200062DE78 /* Assets.xcassets */; };
		63F1626F286D27200062DE78 /* LaunchScreen.storyboard in Resources */ = {isa = PBXBuildFile; fileRef = 63F1626D286D27200062DE78 /* LaunchScreen.storyboard */; };
		63F1627A286D27200062DE78 /* CleanArchitectureMvvmTests.swift in Sources */ = {isa = PBXBuildFile; fileRef = 63F16279286D27200062DE78 /* CleanArchitectureMvvmTests.swift */; };
		63F16284286D27200062DE78 /* CleanArchitectureMvvmUITests.swift in Sources */ = {isa = PBXBuildFile; fileRef = 63F16283286D27200062DE78 /* CleanArchitectureMvvmUITests.swift */; };
		63F16286286D27200062DE78 /* CleanArchitectureMvvmUITestsLaunchTests.swift in Sources */ = {isa = PBXBuildFile; fileRef = 63F16285286D27200062DE78 /* CleanArchitectureMvvmUITestsLaunchTests.swift */; };
		63F16295286D29E80062DE78 /* AppDIContainer.swift in Sources */ = {isa = PBXBuildFile; fileRef = 63F16294286D29E80062DE78 /* AppDIContainer.swift */; };
		63F16297286D2A1B0062DE78 /* AppConfiguration.swift in Sources */ = {isa = PBXBuildFile; fileRef = 63F16296286D2A1B0062DE78 /* AppConfiguration.swift */; };
		63F1629B286D2AFB0062DE78 /* DataTransferService.swift in Sources */ = {isa = PBXBuildFile; fileRef = 63F1629A286D2AFB0062DE78 /* DataTransferService.swift */; };
		63F1629D286D2B1F0062DE78 /* NetworkService.swift in Sources */ = {isa = PBXBuildFile; fileRef = 63F1629C286D2B1F0062DE78 /* NetworkService.swift */; };
		63F1629F286D2B450062DE78 /* Endpoint.swift in Sources */ = {isa = PBXBuildFile; fileRef = 63F1629E286D2B450062DE78 /* Endpoint.swift */; };
		63F162A1286D2B7C0062DE78 /* NetworkConfig.swift in Sources */ = {isa = PBXBuildFile; fileRef = 63F162A0286D2B7C0062DE78 /* NetworkConfig.swift */; };
		63F162A3286D2EAB0062DE78 /* MoviesSceneDIContainer.swift in Sources */ = {isa = PBXBuildFile; fileRef = 63F162A2286D2EAB0062DE78 /* MoviesSceneDIContainer.swift */; };
		63F162AA286D2F5C0062DE78 /* MoviesRepository.swift in Sources */ = {isa = PBXBuildFile; fileRef = 63F162A9286D2F5C0062DE78 /* MoviesRepository.swift */; };
		63F162AD286D2FAF0062DE78 /* Movie.swift in Sources */ = {isa = PBXBuildFile; fileRef = 63F162AC286D2FAF0062DE78 /* Movie.swift */; };
		63F162AF286D2FFF0062DE78 /* MovieQuery.swift in Sources */ = {isa = PBXBuildFile; fileRef = 63F162AE286D2FFF0062DE78 /* MovieQuery.swift */; };
		63F162B2286D30460062DE78 /* Cancellable.swift in Sources */ = {isa = PBXBuildFile; fileRef = 63F162B1286D30460062DE78 /* Cancellable.swift */; };
		63F162B6286D31180062DE78 /* MoviesQueriesStorage.swift in Sources */ = {isa = PBXBuildFile; fileRef = 63F162B5286D31180062DE78 /* MoviesQueriesStorage.swift */; };
		63F162B9286D32240062DE78 /* CoreDataMoviesQueriesStorage.swift in Sources */ = {isa = PBXBuildFile; fileRef = 63F162B8286D32240062DE78 /* CoreDataMoviesQueriesStorage.swift */; };
		63F162BC286D32620062DE78 /* CoreDataStorage.swift in Sources */ = {isa = PBXBuildFile; fileRef = 63F162BB286D32620062DE78 /* CoreDataStorage.swift */; };
		63F162BF286D34010062DE78 /* MovieQueryEntity+Mapping.swift in Sources */ = {isa = PBXBuildFile; fileRef = 63F162BE286D34010062DE78 /* MovieQueryEntity+Mapping.swift */; };
		63F162C2286D35140062DE78 /* CoreDataStorage.xcdatamodeld in Sources */ = {isa = PBXBuildFile; fileRef = 63F162C0286D35140062DE78 /* CoreDataStorage.xcdatamodeld */; };
		63F162C8286D3C540062DE78 /* MoviesResponseStorage.swift in Sources */ = {isa = PBXBuildFile; fileRef = 63F162C7286D3C540062DE78 /* MoviesResponseStorage.swift */; };
		63F162CC286D3D010062DE78 /* MoviesRequestDTO.swift in Sources */ = {isa = PBXBuildFile; fileRef = 63F162CB286D3D010062DE78 /* MoviesRequestDTO.swift */; };
		63F162CE286D3D1A0062DE78 /* MoviesResponseDTO+Mapping.swift in Sources */ = {isa = PBXBuildFile; fileRef = 63F162CD286D3D1A0062DE78 /* MoviesResponseDTO+Mapping.swift */; };
		63F162D0286D3DC20062DE78 /* CoreDataMoviesResponseStorage.swift in Sources */ = {isa = PBXBuildFile; fileRef = 63F162CF286D3DC20062DE78 /* CoreDataMoviesResponseStorage.swift */; };
		63F162D3286D3E020062DE78 /* MoviesResponseEntity+Mapping.swift in Sources */ = {isa = PBXBuildFile; fileRef = 63F162D2286D3E020062DE78 /* MoviesResponseEntity+Mapping.swift */; };
		63F162D6286D3F760062DE78 /* SearchMoviesUseCase.swift in Sources */ = {isa = PBXBuildFile; fileRef = 63F162D5286D3F760062DE78 /* SearchMoviesUseCase.swift */; };
		63F162D8286D3FA60062DE78 /* MoviesQueriesRepository.swift in Sources */ = {isa = PBXBuildFile; fileRef = 63F162D7286D3FA60062DE78 /* MoviesQueriesRepository.swift */; };
		63F162DA286D3FBA0062DE78 /* PosterImagesRepository.swift in Sources */ = {isa = PBXBuildFile; fileRef = 63F162D9286D3FBA0062DE78 /* PosterImagesRepository.swift */; };
		63F162DD286D40190062DE78 /* UseCase.swift in Sources */ = {isa = PBXBuildFile; fileRef = 63F162DC286D40190062DE78 /* UseCase.swift */; };
		63F162DF286D409D0062DE78 /* FetchRecentMovieQueriesUseCase.swift in Sources */ = {isa = PBXBuildFile; fileRef = 63F162DE286D409D0062DE78 /* FetchRecentMovieQueriesUseCase.swift */; };
		63F162E2286D41040062DE78 /* DefaultMoviesRepository.swift in Sources */ = {isa = PBXBuildFile; fileRef = 63F162E1286D41040062DE78 /* DefaultMoviesRepository.swift */; };
		63F162E4286D411E0062DE78 /* RepositoryTask.swift in Sources */ = {isa = PBXBuildFile; fileRef = 63F162E3286D411E0062DE78 /* RepositoryTask.swift */; };
		63F162E6286D54270062DE78 /* APIEndpoints.swift in Sources */ = {isa = PBXBuildFile; fileRef = 63F162E5286D54270062DE78 /* APIEndpoints.swift */; };
		63F162E8286D74810062DE78 /* DefaultMoviesQueriesRepository.swift in Sources */ = {isa = PBXBuildFile; fileRef = 63F162E7286D74810062DE78 /* DefaultMoviesQueriesRepository.swift */; };
		63F162EA286D74BE0062DE78 /* DefaultPosterImagesRepository.swift in Sources */ = {isa = PBXBuildFile; fileRef = 63F162E9286D74BE0062DE78 /* DefaultPosterImagesRepository.swift */; };
		63F162EF286D76190062DE78 /* MoviesSearchFlowCoordinator.swift in Sources */ = {isa = PBXBuildFile; fileRef = 63F162EE286D76190062DE78 /* MoviesSearchFlowCoordinator.swift */; };
		63F162F4286D765E0062DE78 /* MoviesListViewModel.swift in Sources */ = {isa = PBXBuildFile; fileRef = 63F162F3286D765E0062DE78 /* MoviesListViewModel.swift */; };
		63F162F7286D76B10062DE78 /* Observable.swift in Sources */ = {isa = PBXBuildFile; fileRef = 63F162F6286D76B10062DE78 /* Observable.swift */; };
		63F162F9286D77170062DE78 /* MoviesListItemViewModel.swift in Sources */ = {isa = PBXBuildFile; fileRef = 63F162F8286D77170062DE78 /* MoviesListItemViewModel.swift */; };
		63F162FB286D77B00062DE78 /* LoadingView.swift in Sources */ = {isa = PBXBuildFile; fileRef = 63F162FA286D77B00062DE78 /* LoadingView.swift */; };
		63F162FD286D78150062DE78 /* AccessibilityIdentifier.swift in Sources */ = {isa = PBXBuildFile; fileRef = 63F162FC286D78150062DE78 /* AccessibilityIdentifier.swift */; };
		63F16300286D79210062DE78 /* MoviesListViewController.swift in Sources */ = {isa = PBXBuildFile; fileRef = 63F162FF286D79210062DE78 /* MoviesListViewController.swift */; };
		63F16303286D79800062DE78 /* MoviesListTableViewController.swift in Sources */ = {isa = PBXBuildFile; fileRef = 63F16302286D79800062DE78 /* MoviesListTableViewController.swift */; };
		63F16306286D79AF0062DE78 /* MoviesListItemCell.swift in Sources */ = {isa = PBXBuildFile; fileRef = 63F16305286D79AF0062DE78 /* MoviesListItemCell.swift */; };
		63F16309286D7A420062DE78 /* UIImageView+ImageSizeAfterAspectFit.swift in Sources */ = {isa = PBXBuildFile; fileRef = 63F16308286D7A420062DE78 /* UIImageView+ImageSizeAfterAspectFit.swift */; };
		63F1630B286D7A830062DE78 /* CGSize+ScaledSize.swift in Sources */ = {isa = PBXBuildFile; fileRef = 63F1630A286D7A830062DE78 /* CGSize+ScaledSize.swift */; };
		63F16310286D99300062DE78 /* MovieDetailsViewController.swift in Sources */ = {isa = PBXBuildFile; fileRef = 63F1630F286D99300062DE78 /* MovieDetailsViewController.swift */; };
		63F16313286D99640062DE78 /* MovieDetailsViewModel.swift in Sources */ = {isa = PBXBuildFile; fileRef = 63F16312286D99640062DE78 /* MovieDetailsViewModel.swift */; };
		63F163192872C7210062DE78 /* MoviesQueryListViewModel.swift in Sources */ = {isa = PBXBuildFile; fileRef = 63F163182872C7210062DE78 /* MoviesQueryListViewModel.swift */; };
		63F1631B2872C7680062DE78 /* MoviesQueryListItemViewModel.swift in Sources */ = {isa = PBXBuildFile; fileRef = 63F1631A2872C7680062DE78 /* MoviesQueryListItemViewModel.swift */; };
		63F163202872C7FB0062DE78 /* MoviesQueryListView.swift in Sources */ = {isa = PBXBuildFile; fileRef = 63F1631F2872C7FB0062DE78 /* MoviesQueryListView.swift */; };
		63F163222872C8260062DE78 /* MoviesQueriesTableViewController.swift in Sources */ = {isa = PBXBuildFile; fileRef = 63F163212872C8260062DE78 /* MoviesQueriesTableViewController.swift */; };
		63F163252872C8750062DE78 /* MoviesQueriesItemCell.swift in Sources */ = {isa = PBXBuildFile; fileRef = 63F163242872C8750062DE78 /* MoviesQueriesItemCell.swift */; };
		63F163282872C8D70062DE78 /* StoryboardInstantiable.swift in Sources */ = {isa = PBXBuildFile; fileRef = 63F163272872C8D70062DE78 /* StoryboardInstantiable.swift */; };
		63F1632A2872C9930062DE78 /* UIViewController+AddChild.swift in Sources */ = {isa = PBXBuildFile; fileRef = 63F163292872C9930062DE78 /* UIViewController+AddChild.swift */; };
		63F1632C2872CA610062DE78 /* ConnectionError.swift in Sources */ = {isa = PBXBuildFile; fileRef = 63F1632B2872CA610062DE78 /* ConnectionError.swift */; };
		63F1632E2872CAD40062DE78 /* Alertable.swift in Sources */ = {isa = PBXBuildFile; fileRef = 63F1632D2872CAD40062DE78 /* Alertable.swift */; };
		63F163302872CB4E0062DE78 /* UIViewController+AddBehaviors.swift in Sources */ = {isa = PBXBuildFile; fileRef = 63F1632F2872CB4E0062DE78 /* UIViewController+AddBehaviors.swift */; };
		63F163332872CC420062DE78 /* BackButtonEmptyTitleNavigationBarBehavior.swift in Sources */ = {isa = PBXBuildFile; fileRef = 63F163322872CC420062DE78 /* BackButtonEmptyTitleNavigationBarBehavior.swift */; };
		63F163352872CC540062DE78 /* BlackStyleNavigationBarBehavior.swift in Sources */ = {isa = PBXBuildFile; fileRef = 63F163342872CC540062DE78 /* BlackStyleNavigationBarBehavior.swift */; };
		63F163372872CCB20062DE78 /* UIViewController+ActivityIndicator.swift in Sources */ = {isa = PBXBuildFile; fileRef = 63F163362872CCB20062DE78 /* UIViewController+ActivityIndicator.swift */; };
		63F163392872CD8B0062DE78 /* AppAppearance.swift in Sources */ = {isa = PBXBuildFile; fileRef = 63F163382872CD8B0062DE78 /* AppAppearance.swift */; };
		63F1633B2872CDA50062DE78 /* AppFlowCoordinator.swift in Sources */ = {isa = PBXBuildFile; fileRef = 63F1633A2872CDA50062DE78 /* AppFlowCoordinator.swift */; };
		63F1633F2872D18F0062DE78 /* MoviesListViewController.storyboard in Resources */ = {isa = PBXBuildFile; fileRef = 63F1633E2872D18F0062DE78 /* MoviesListViewController.storyboard */; };
/* End PBXBuildFile section */

/* Begin PBXContainerItemProxy section */
		63F16276286D27200062DE78 /* PBXContainerItemProxy */ = {
			isa = PBXContainerItemProxy;
			containerPortal = 63F16257286D271E0062DE78 /* Project object */;
			proxyType = 1;
			remoteGlobalIDString = 63F1625E286D271E0062DE78;
			remoteInfo = CleanArchitectureMvvm;
		};
		63F16280286D27200062DE78 /* PBXContainerItemProxy */ = {
			isa = PBXContainerItemProxy;
			containerPortal = 63F16257286D271E0062DE78 /* Project object */;
			proxyType = 1;
			remoteGlobalIDString = 63F1625E286D271E0062DE78;
			remoteInfo = CleanArchitectureMvvm;
		};
/* End PBXContainerItemProxy section */

/* Begin PBXFileReference section */
		63F1625F286D271E0062DE78 /* CleanArchitectureMvvm.app */ = {isa = PBXFileReference; explicitFileType = wrapper.application; includeInIndex = 0; path = CleanArchitectureMvvm.app; sourceTree = BUILT_PRODUCTS_DIR; };
		63F16262286D271E0062DE78 /* AppDelegate.swift */ = {isa = PBXFileReference; lastKnownFileType = sourcecode.swift; path = AppDelegate.swift; sourceTree = "<group>"; };
		63F1626B286D27200062DE78 /* Assets.xcassets */ = {isa = PBXFileReference; lastKnownFileType = folder.assetcatalog; path = Assets.xcassets; sourceTree = "<group>"; };
		63F1626E286D27200062DE78 /* Base */ = {isa = PBXFileReference; lastKnownFileType = file.storyboard; name = Base; path = Base.lproj/LaunchScreen.storyboard; sourceTree = "<group>"; };
		63F16270286D27200062DE78 /* Info.plist */ = {isa = PBXFileReference; lastKnownFileType = text.plist.xml; path = Info.plist; sourceTree = "<group>"; };
		63F16275286D27200062DE78 /* CleanArchitectureMvvmTests.xctest */ = {isa = PBXFileReference; explicitFileType = wrapper.cfbundle; includeInIndex = 0; path = CleanArchitectureMvvmTests.xctest; sourceTree = BUILT_PRODUCTS_DIR; };
		63F16279286D27200062DE78 /* CleanArchitectureMvvmTests.swift */ = {isa = PBXFileReference; lastKnownFileType = sourcecode.swift; path = CleanArchitectureMvvmTests.swift; sourceTree = "<group>"; };
		63F1627F286D27200062DE78 /* CleanArchitectureMvvmUITests.xctest */ = {isa = PBXFileReference; explicitFileType = wrapper.cfbundle; includeInIndex = 0; path = CleanArchitectureMvvmUITests.xctest; sourceTree = BUILT_PRODUCTS_DIR; };
		63F16283286D27200062DE78 /* CleanArchitectureMvvmUITests.swift */ = {isa = PBXFileReference; lastKnownFileType = sourcecode.swift; path = CleanArchitectureMvvmUITests.swift; sourceTree = "<group>"; };
		63F16285286D27200062DE78 /* CleanArchitectureMvvmUITestsLaunchTests.swift */ = {isa = PBXFileReference; lastKnownFileType = sourcecode.swift; path = CleanArchitectureMvvmUITestsLaunchTests.swift; sourceTree = "<group>"; };
		63F16294286D29E80062DE78 /* AppDIContainer.swift */ = {isa = PBXFileReference; lastKnownFileType = sourcecode.swift; path = AppDIContainer.swift; sourceTree = "<group>"; };
		63F16296286D2A1B0062DE78 /* AppConfiguration.swift */ = {isa = PBXFileReference; lastKnownFileType = sourcecode.swift; path = AppConfiguration.swift; sourceTree = "<group>"; };
		63F1629A286D2AFB0062DE78 /* DataTransferService.swift */ = {isa = PBXFileReference; lastKnownFileType = sourcecode.swift; path = DataTransferService.swift; sourceTree = "<group>"; };
		63F1629C286D2B1F0062DE78 /* NetworkService.swift */ = {isa = PBXFileReference; lastKnownFileType = sourcecode.swift; path = NetworkService.swift; sourceTree = "<group>"; };
		63F1629E286D2B450062DE78 /* Endpoint.swift */ = {isa = PBXFileReference; lastKnownFileType = sourcecode.swift; path = Endpoint.swift; sourceTree = "<group>"; };
		63F162A0286D2B7C0062DE78 /* NetworkConfig.swift */ = {isa = PBXFileReference; lastKnownFileType = sourcecode.swift; path = NetworkConfig.swift; sourceTree = "<group>"; };
		63F162A2286D2EAB0062DE78 /* MoviesSceneDIContainer.swift */ = {isa = PBXFileReference; lastKnownFileType = sourcecode.swift; path = MoviesSceneDIContainer.swift; sourceTree = "<group>"; };
		63F162A9286D2F5C0062DE78 /* MoviesRepository.swift */ = {isa = PBXFileReference; lastKnownFileType = sourcecode.swift; path = MoviesRepository.swift; sourceTree = "<group>"; };
		63F162AC286D2FAF0062DE78 /* Movie.swift */ = {isa = PBXFileReference; lastKnownFileType = sourcecode.swift; path = Movie.swift; sourceTree = "<group>"; };
		63F162AE286D2FFF0062DE78 /* MovieQuery.swift */ = {isa = PBXFileReference; lastKnownFileType = sourcecode.swift; path = MovieQuery.swift; sourceTree = "<group>"; };
		63F162B1286D30460062DE78 /* Cancellable.swift */ = {isa = PBXFileReference; lastKnownFileType = sourcecode.swift; path = Cancellable.swift; sourceTree = "<group>"; };
		63F162B5286D31180062DE78 /* MoviesQueriesStorage.swift */ = {isa = PBXFileReference; lastKnownFileType = sourcecode.swift; path = MoviesQueriesStorage.swift; sourceTree = "<group>"; };
		63F162B8286D32240062DE78 /* CoreDataMoviesQueriesStorage.swift */ = {isa = PBXFileReference; lastKnownFileType = sourcecode.swift; path = CoreDataMoviesQueriesStorage.swift; sourceTree = "<group>"; };
		63F162BB286D32620062DE78 /* CoreDataStorage.swift */ = {isa = PBXFileReference; lastKnownFileType = sourcecode.swift; path = CoreDataStorage.swift; sourceTree = "<group>"; };
		63F162BE286D34010062DE78 /* MovieQueryEntity+Mapping.swift */ = {isa = PBXFileReference; lastKnownFileType = sourcecode.swift; path = "MovieQueryEntity+Mapping.swift"; sourceTree = "<group>"; };
		63F162C1286D35140062DE78 /* CoreDataStorage.xcdatamodel */ = {isa = PBXFileReference; lastKnownFileType = wrapper.xcdatamodel; path = CoreDataStorage.xcdatamodel; sourceTree = "<group>"; };
		63F162C7286D3C540062DE78 /* MoviesResponseStorage.swift */ = {isa = PBXFileReference; lastKnownFileType = sourcecode.swift; path = MoviesResponseStorage.swift; sourceTree = "<group>"; };
		63F162CB286D3D010062DE78 /* MoviesRequestDTO.swift */ = {isa = PBXFileReference; lastKnownFileType = sourcecode.swift; path = MoviesRequestDTO.swift; sourceTree = "<group>"; };
		63F162CD286D3D1A0062DE78 /* MoviesResponseDTO+Mapping.swift */ = {isa = PBXFileReference; lastKnownFileType = sourcecode.swift; path = "MoviesResponseDTO+Mapping.swift"; sourceTree = "<group>"; };
		63F162CF286D3DC20062DE78 /* CoreDataMoviesResponseStorage.swift */ = {isa = PBXFileReference; lastKnownFileType = sourcecode.swift; path = CoreDataMoviesResponseStorage.swift; sourceTree = "<group>"; };
		63F162D2286D3E020062DE78 /* MoviesResponseEntity+Mapping.swift */ = {isa = PBXFileReference; lastKnownFileType = sourcecode.swift; path = "MoviesResponseEntity+Mapping.swift"; sourceTree = "<group>"; };
		63F162D5286D3F760062DE78 /* SearchMoviesUseCase.swift */ = {isa = PBXFileReference; lastKnownFileType = sourcecode.swift; path = SearchMoviesUseCase.swift; sourceTree = "<group>"; };
		63F162D7286D3FA60062DE78 /* MoviesQueriesRepository.swift */ = {isa = PBXFileReference; lastKnownFileType = sourcecode.swift; path = MoviesQueriesRepository.swift; sourceTree = "<group>"; };
		63F162D9286D3FBA0062DE78 /* PosterImagesRepository.swift */ = {isa = PBXFileReference; lastKnownFileType = sourcecode.swift; path = PosterImagesRepository.swift; sourceTree = "<group>"; };
		63F162DC286D40190062DE78 /* UseCase.swift */ = {isa = PBXFileReference; lastKnownFileType = sourcecode.swift; path = UseCase.swift; sourceTree = "<group>"; };
		63F162DE286D409D0062DE78 /* FetchRecentMovieQueriesUseCase.swift */ = {isa = PBXFileReference; lastKnownFileType = sourcecode.swift; path = FetchRecentMovieQueriesUseCase.swift; sourceTree = "<group>"; };
		63F162E1286D41040062DE78 /* DefaultMoviesRepository.swift */ = {isa = PBXFileReference; lastKnownFileType = sourcecode.swift; path = DefaultMoviesRepository.swift; sourceTree = "<group>"; };
		63F162E3286D411E0062DE78 /* RepositoryTask.swift */ = {isa = PBXFileReference; lastKnownFileType = sourcecode.swift; path = RepositoryTask.swift; sourceTree = "<group>"; };
		63F162E5286D54270062DE78 /* APIEndpoints.swift */ = {isa = PBXFileReference; lastKnownFileType = sourcecode.swift; path = APIEndpoints.swift; sourceTree = "<group>"; };
		63F162E7286D74810062DE78 /* DefaultMoviesQueriesRepository.swift */ = {isa = PBXFileReference; lastKnownFileType = sourcecode.swift; path = DefaultMoviesQueriesRepository.swift; sourceTree = "<group>"; };
		63F162E9286D74BE0062DE78 /* DefaultPosterImagesRepository.swift */ = {isa = PBXFileReference; lastKnownFileType = sourcecode.swift; path = DefaultPosterImagesRepository.swift; sourceTree = "<group>"; };
		63F162EE286D76190062DE78 /* MoviesSearchFlowCoordinator.swift */ = {isa = PBXFileReference; lastKnownFileType = sourcecode.swift; path = MoviesSearchFlowCoordinator.swift; sourceTree = "<group>"; };
		63F162F3286D765E0062DE78 /* MoviesListViewModel.swift */ = {isa = PBXFileReference; lastKnownFileType = sourcecode.swift; path = MoviesListViewModel.swift; sourceTree = "<group>"; };
		63F162F6286D76B10062DE78 /* Observable.swift */ = {isa = PBXFileReference; lastKnownFileType = sourcecode.swift; path = Observable.swift; sourceTree = "<group>"; };
		63F162F8286D77170062DE78 /* MoviesListItemViewModel.swift */ = {isa = PBXFileReference; lastKnownFileType = sourcecode.swift; path = MoviesListItemViewModel.swift; sourceTree = "<group>"; };
		63F162FA286D77B00062DE78 /* LoadingView.swift */ = {isa = PBXFileReference; lastKnownFileType = sourcecode.swift; path = LoadingView.swift; sourceTree = "<group>"; };
		63F162FC286D78150062DE78 /* AccessibilityIdentifier.swift */ = {isa = PBXFileReference; lastKnownFileType = sourcecode.swift; path = AccessibilityIdentifier.swift; sourceTree = "<group>"; };
		63F162FF286D79210062DE78 /* MoviesListViewController.swift */ = {isa = PBXFileReference; lastKnownFileType = sourcecode.swift; path = MoviesListViewController.swift; sourceTree = "<group>"; };
		63F16302286D79800062DE78 /* MoviesListTableViewController.swift */ = {isa = PBXFileReference; lastKnownFileType = sourcecode.swift; path = MoviesListTableViewController.swift; sourceTree = "<group>"; };
		63F16305286D79AF0062DE78 /* MoviesListItemCell.swift */ = {isa = PBXFileReference; lastKnownFileType = sourcecode.swift; path = MoviesListItemCell.swift; sourceTree = "<group>"; };
		63F16308286D7A420062DE78 /* UIImageView+ImageSizeAfterAspectFit.swift */ = {isa = PBXFileReference; lastKnownFileType = sourcecode.swift; path = "UIImageView+ImageSizeAfterAspectFit.swift"; sourceTree = "<group>"; };
		63F1630A286D7A830062DE78 /* CGSize+ScaledSize.swift */ = {isa = PBXFileReference; lastKnownFileType = sourcecode.swift; path = "CGSize+ScaledSize.swift"; sourceTree = "<group>"; };
		63F1630F286D99300062DE78 /* MovieDetailsViewController.swift */ = {isa = PBXFileReference; lastKnownFileType = sourcecode.swift; path = MovieDetailsViewController.swift; sourceTree = "<group>"; };
		63F16312286D99640062DE78 /* MovieDetailsViewModel.swift */ = {isa = PBXFileReference; lastKnownFileType = sourcecode.swift; path = MovieDetailsViewModel.swift; sourceTree = "<group>"; };
		63F163182872C7210062DE78 /* MoviesQueryListViewModel.swift */ = {isa = PBXFileReference; lastKnownFileType = sourcecode.swift; path = MoviesQueryListViewModel.swift; sourceTree = "<group>"; };
		63F1631A2872C7680062DE78 /* MoviesQueryListItemViewModel.swift */ = {isa = PBXFileReference; lastKnownFileType = sourcecode.swift; path = MoviesQueryListItemViewModel.swift; sourceTree = "<group>"; };
		63F1631F2872C7FB0062DE78 /* MoviesQueryListView.swift */ = {isa = PBXFileReference; lastKnownFileType = sourcecode.swift; path = MoviesQueryListView.swift; sourceTree = "<group>"; };
		63F163212872C8260062DE78 /* MoviesQueriesTableViewController.swift */ = {isa = PBXFileReference; lastKnownFileType = sourcecode.swift; path = MoviesQueriesTableViewController.swift; sourceTree = "<group>"; };
		63F163242872C8750062DE78 /* MoviesQueriesItemCell.swift */ = {isa = PBXFileReference; lastKnownFileType = sourcecode.swift; path = MoviesQueriesItemCell.swift; sourceTree = "<group>"; };
		63F163272872C8D70062DE78 /* StoryboardInstantiable.swift */ = {isa = PBXFileReference; lastKnownFileType = sourcecode.swift; path = StoryboardInstantiable.swift; sourceTree = "<group>"; };
		63F163292872C9930062DE78 /* UIViewController+AddChild.swift */ = {isa = PBXFileReference; lastKnownFileType = sourcecode.swift; path = "UIViewController+AddChild.swift"; sourceTree = "<group>"; };
		63F1632B2872CA610062DE78 /* ConnectionError.swift */ = {isa = PBXFileReference; lastKnownFileType = sourcecode.swift; path = ConnectionError.swift; sourceTree = "<group>"; };
		63F1632D2872CAD40062DE78 /* Alertable.swift */ = {isa = PBXFileReference; lastKnownFileType = sourcecode.swift; path = Alertable.swift; sourceTree = "<group>"; };
		63F1632F2872CB4E0062DE78 /* UIViewController+AddBehaviors.swift */ = {isa = PBXFileReference; lastKnownFileType = sourcecode.swift; path = "UIViewController+AddBehaviors.swift"; sourceTree = "<group>"; };
		63F163322872CC420062DE78 /* BackButtonEmptyTitleNavigationBarBehavior.swift */ = {isa = PBXFileReference; lastKnownFileType = sourcecode.swift; path = BackButtonEmptyTitleNavigationBarBehavior.swift; sourceTree = "<group>"; };
		63F163342872CC540062DE78 /* BlackStyleNavigationBarBehavior.swift */ = {isa = PBXFileReference; lastKnownFileType = sourcecode.swift; path = BlackStyleNavigationBarBehavior.swift; sourceTree = "<group>"; };
		63F163362872CCB20062DE78 /* UIViewController+ActivityIndicator.swift */ = {isa = PBXFileReference; lastKnownFileType = sourcecode.swift; path = "UIViewController+ActivityIndicator.swift"; sourceTree = "<group>"; };
		63F163382872CD8B0062DE78 /* AppAppearance.swift */ = {isa = PBXFileReference; lastKnownFileType = sourcecode.swift; path = AppAppearance.swift; sourceTree = "<group>"; };
		63F1633A2872CDA50062DE78 /* AppFlowCoordinator.swift */ = {isa = PBXFileReference; lastKnownFileType = sourcecode.swift; path = AppFlowCoordinator.swift; sourceTree = "<group>"; };
		63F1633E2872D18F0062DE78 /* MoviesListViewController.storyboard */ = {isa = PBXFileReference; lastKnownFileType = file.storyboard; path = MoviesListViewController.storyboard; sourceTree = "<group>"; };
/* End PBXFileReference section */

/* Begin PBXFrameworksBuildPhase section */
		63F1625C286D271E0062DE78 /* Frameworks */ = {
			isa = PBXFrameworksBuildPhase;
			buildActionMask = 2147483647;
			files = (
			);
			runOnlyForDeploymentPostprocessing = 0;
		};
		63F16272286D27200062DE78 /* Frameworks */ = {
			isa = PBXFrameworksBuildPhase;
			buildActionMask = 2147483647;
			files = (
			);
			runOnlyForDeploymentPostprocessing = 0;
		};
		63F1627C286D27200062DE78 /* Frameworks */ = {
			isa = PBXFrameworksBuildPhase;
			buildActionMask = 2147483647;
			files = (
			);
			runOnlyForDeploymentPostprocessing = 0;
		};
/* End PBXFrameworksBuildPhase section */

/* Begin PBXGroup section */
		63F16256286D271E0062DE78 = {
			isa = PBXGroup;
			children = (
				63F16261286D271E0062DE78 /* CleanArchitectureMvvm */,
				63F16278286D27200062DE78 /* CleanArchitectureMvvmTests */,
				63F16282286D27200062DE78 /* CleanArchitectureMvvmUITests */,
				63F16260286D271E0062DE78 /* Products */,
			);
			sourceTree = "<group>";
		};
		63F16260286D271E0062DE78 /* Products */ = {
			isa = PBXGroup;
			children = (
				63F1625F286D271E0062DE78 /* CleanArchitectureMvvm.app */,
				63F16275286D27200062DE78 /* CleanArchitectureMvvmTests.xctest */,
				63F1627F286D27200062DE78 /* CleanArchitectureMvvmUITests.xctest */,
			);
			name = Products;
			sourceTree = "<group>";
		};
		63F16261286D271E0062DE78 /* CleanArchitectureMvvm */ = {
			isa = PBXGroup;
			children = (
				63F16292286D29D00062DE78 /* Application */,
				63F162EB286D75DD0062DE78 /* Presentation */,
				63F162A6286D2F350062DE78 /* Domain */,
				63F162A4286D2EFF0062DE78 /* Data */,
				63F162B0286D30350062DE78 /* Common */,
				63F16298286D2AAA0062DE78 /* Infrastructure */,
				63F1626B286D27200062DE78 /* Assets.xcassets */,
				63F1626D286D27200062DE78 /* LaunchScreen.storyboard */,
				63F16270286D27200062DE78 /* Info.plist */,
			);
			path = CleanArchitectureMvvm;
			sourceTree = "<group>";
		};
		63F16278286D27200062DE78 /* CleanArchitectureMvvmTests */ = {
			isa = PBXGroup;
			children = (
				63F16279286D27200062DE78 /* CleanArchitectureMvvmTests.swift */,
			);
			path = CleanArchitectureMvvmTests;
			sourceTree = "<group>";
		};
		63F16282286D27200062DE78 /* CleanArchitectureMvvmUITests */ = {
			isa = PBXGroup;
			children = (
				63F16283286D27200062DE78 /* CleanArchitectureMvvmUITests.swift */,
				63F16285286D27200062DE78 /* CleanArchitectureMvvmUITestsLaunchTests.swift */,
			);
			path = CleanArchitectureMvvmUITests;
			sourceTree = "<group>";
		};
		63F16292286D29D00062DE78 /* Application */ = {
			isa = PBXGroup;
			children = (
				63F16262286D271E0062DE78 /* AppDelegate.swift */,
				63F16296286D2A1B0062DE78 /* AppConfiguration.swift */,
				63F163382872CD8B0062DE78 /* AppAppearance.swift */,
				63F1633A2872CDA50062DE78 /* AppFlowCoordinator.swift */,
				63F16293286D29DA0062DE78 /* DIContainer */,
			);
			path = Application;
			sourceTree = "<group>";
		};
		63F16293286D29DA0062DE78 /* DIContainer */ = {
			isa = PBXGroup;
			children = (
				63F16294286D29E80062DE78 /* AppDIContainer.swift */,
				63F162A2286D2EAB0062DE78 /* MoviesSceneDIContainer.swift */,
			);
			path = DIContainer;
			sourceTree = "<group>";
		};
		63F16298286D2AAA0062DE78 /* Infrastructure */ = {
			isa = PBXGroup;
			children = (
				63F16299286D2AEF0062DE78 /* Network */,
			);
			path = Infrastructure;
			sourceTree = "<group>";
		};
		63F16299286D2AEF0062DE78 /* Network */ = {
			isa = PBXGroup;
			children = (
				63F1629A286D2AFB0062DE78 /* DataTransferService.swift */,
				63F1629C286D2B1F0062DE78 /* NetworkService.swift */,
				63F1629E286D2B450062DE78 /* Endpoint.swift */,
				63F162A0286D2B7C0062DE78 /* NetworkConfig.swift */,
			);
			path = Network;
			sourceTree = "<group>";
		};
		63F162A4286D2EFF0062DE78 /* Data */ = {
			isa = PBXGroup;
			children = (
				63F162C9286D3CEC0062DE78 /* Network */,
				63F162B3286D30B70062DE78 /* PersistentStorages */,
				63F162A5286D2F0B0062DE78 /* Repositories */,
			);
			path = Data;
			sourceTree = "<group>";
		};
		63F162A5286D2F0B0062DE78 /* Repositories */ = {
			isa = PBXGroup;
			children = (
				63F162E0286D40DC0062DE78 /* Utils */,
				63F162E1286D41040062DE78 /* DefaultMoviesRepository.swift */,
				63F162E7286D74810062DE78 /* DefaultMoviesQueriesRepository.swift */,
				63F162E9286D74BE0062DE78 /* DefaultPosterImagesRepository.swift */,
			);
			path = Repositories;
			sourceTree = "<group>";
		};
		63F162A6286D2F350062DE78 /* Domain */ = {
			isa = PBXGroup;
			children = (
				63F162D4286D3F6D0062DE78 /* UseCases */,
				63F162AB286D2F950062DE78 /* Entities */,
				63F162A7286D2F440062DE78 /* Interfaces */,
			);
			path = Domain;
			sourceTree = "<group>";
		};
		63F162A7286D2F440062DE78 /* Interfaces */ = {
			isa = PBXGroup;
			children = (
				63F162A8286D2F4E0062DE78 /* Repositories */,
			);
			path = Interfaces;
			sourceTree = "<group>";
		};
		63F162A8286D2F4E0062DE78 /* Repositories */ = {
			isa = PBXGroup;
			children = (
				63F162A9286D2F5C0062DE78 /* MoviesRepository.swift */,
				63F162D7286D3FA60062DE78 /* MoviesQueriesRepository.swift */,
				63F162D9286D3FBA0062DE78 /* PosterImagesRepository.swift */,
			);
			path = Repositories;
			sourceTree = "<group>";
		};
		63F162AB286D2F950062DE78 /* Entities */ = {
			isa = PBXGroup;
			children = (
				63F162AC286D2FAF0062DE78 /* Movie.swift */,
				63F162AE286D2FFF0062DE78 /* MovieQuery.swift */,
			);
			path = Entities;
			sourceTree = "<group>";
		};
		63F162B0286D30350062DE78 /* Common */ = {
			isa = PBXGroup;
			children = (
				63F162B1286D30460062DE78 /* Cancellable.swift */,
				63F1632B2872CA610062DE78 /* ConnectionError.swift */,
			);
			path = Common;
			sourceTree = "<group>";
		};
		63F162B3286D30B70062DE78 /* PersistentStorages */ = {
			isa = PBXGroup;
			children = (
				63F162C6286D3C420062DE78 /* MoviesResponseStorage */,
				63F162BA286D324E0062DE78 /* CoreDataStorage */,
				63F162B4286D310D0062DE78 /* MoviesQueriesStorage */,
			);
			path = PersistentStorages;
			sourceTree = "<group>";
		};
		63F162B4286D310D0062DE78 /* MoviesQueriesStorage */ = {
			isa = PBXGroup;
			children = (
				63F162B7286D32100062DE78 /* CoreDataStorage */,
				63F162B5286D31180062DE78 /* MoviesQueriesStorage.swift */,
			);
			path = MoviesQueriesStorage;
			sourceTree = "<group>";
		};
		63F162B7286D32100062DE78 /* CoreDataStorage */ = {
			isa = PBXGroup;
			children = (
				63F162BD286D33F30062DE78 /* EntityMapping */,
				63F162B8286D32240062DE78 /* CoreDataMoviesQueriesStorage.swift */,
			);
			path = CoreDataStorage;
			sourceTree = "<group>";
		};
		63F162BA286D324E0062DE78 /* CoreDataStorage */ = {
			isa = PBXGroup;
			children = (
				63F162BB286D32620062DE78 /* CoreDataStorage.swift */,
				63F162C0286D35140062DE78 /* CoreDataStorage.xcdatamodeld */,
			);
			path = CoreDataStorage;
			sourceTree = "<group>";
		};
		63F162BD286D33F30062DE78 /* EntityMapping */ = {
			isa = PBXGroup;
			children = (
				63F162BE286D34010062DE78 /* MovieQueryEntity+Mapping.swift */,
			);
			path = EntityMapping;
			sourceTree = "<group>";
		};
		63F162C6286D3C420062DE78 /* MoviesResponseStorage */ = {
			isa = PBXGroup;
			children = (
				63F162D1286D3DF50062DE78 /* EntityMapping */,
				63F162C7286D3C540062DE78 /* MoviesResponseStorage.swift */,
				63F162CF286D3DC20062DE78 /* CoreDataMoviesResponseStorage.swift */,
			);
			path = MoviesResponseStorage;
			sourceTree = "<group>";
		};
		63F162C9286D3CEC0062DE78 /* Network */ = {
			isa = PBXGroup;
			children = (
				63F162CA286D3CF60062DE78 /* DataMapping */,
				63F162E5286D54270062DE78 /* APIEndpoints.swift */,
			);
			path = Network;
			sourceTree = "<group>";
		};
		63F162CA286D3CF60062DE78 /* DataMapping */ = {
			isa = PBXGroup;
			children = (
				63F162CB286D3D010062DE78 /* MoviesRequestDTO.swift */,
				63F162CD286D3D1A0062DE78 /* MoviesResponseDTO+Mapping.swift */,
			);
			path = DataMapping;
			sourceTree = "<group>";
		};
		63F162D1286D3DF50062DE78 /* EntityMapping */ = {
			isa = PBXGroup;
			children = (
				63F162D2286D3E020062DE78 /* MoviesResponseEntity+Mapping.swift */,
			);
			path = EntityMapping;
			sourceTree = "<group>";
		};
		63F162D4286D3F6D0062DE78 /* UseCases */ = {
			isa = PBXGroup;
			children = (
				63F162DB286D400D0062DE78 /* Protocol */,
				63F162D5286D3F760062DE78 /* SearchMoviesUseCase.swift */,
				63F162DE286D409D0062DE78 /* FetchRecentMovieQueriesUseCase.swift */,
			);
			path = UseCases;
			sourceTree = "<group>";
		};
		63F162DB286D400D0062DE78 /* Protocol */ = {
			isa = PBXGroup;
			children = (
				63F162DC286D40190062DE78 /* UseCase.swift */,
			);
			path = Protocol;
			sourceTree = "<group>";
		};
		63F162E0286D40DC0062DE78 /* Utils */ = {
			isa = PBXGroup;
			children = (
				63F162E3286D411E0062DE78 /* RepositoryTask.swift */,
			);
			path = Utils;
			sourceTree = "<group>";
		};
		63F162EB286D75DD0062DE78 /* Presentation */ = {
			isa = PBXGroup;
			children = (
				63F163312872CC380062DE78 /* Behaviors */,
				63F162F5286D76A40062DE78 /* Utils */,
				63F162EC286D75FF0062DE78 /* MoviesScene */,
			);
			path = Presentation;
			sourceTree = "<group>";
		};
		63F162EC286D75FF0062DE78 /* MoviesScene */ = {
			isa = PBXGroup;
			children = (
				63F163162872C7090062DE78 /* MoviesQueriesList */,
				63F1630C286D99100062DE78 /* MovieDetails */,
				63F162F0286D76420062DE78 /* MoviesList */,
				63F162ED286D76070062DE78 /* Flows */,
			);
			path = MoviesScene;
			sourceTree = "<group>";
		};
		63F162ED286D76070062DE78 /* Flows */ = {
			isa = PBXGroup;
			children = (
				63F162EE286D76190062DE78 /* MoviesSearchFlowCoordinator.swift */,
			);
			path = Flows;
			sourceTree = "<group>";
		};
		63F162F0286D76420062DE78 /* MoviesList */ = {
			isa = PBXGroup;
			children = (
				63F162FE286D78F10062DE78 /* View */,
				63F162F1286D764C0062DE78 /* ViewModel */,
			);
			path = MoviesList;
			sourceTree = "<group>";
		};
		63F162F1286D764C0062DE78 /* ViewModel */ = {
			isa = PBXGroup;
			children = (
				63F162F3286D765E0062DE78 /* MoviesListViewModel.swift */,
				63F162F8286D77170062DE78 /* MoviesListItemViewModel.swift */,
			);
			path = ViewModel;
			sourceTree = "<group>";
		};
		63F162F5286D76A40062DE78 /* Utils */ = {
			isa = PBXGroup;
			children = (
				63F163262872C8CB0062DE78 /* Protocols */,
				63F16307286D7A300062DE78 /* Extensions */,
				63F162F6286D76B10062DE78 /* Observable.swift */,
				63F162FA286D77B00062DE78 /* LoadingView.swift */,
				63F162FC286D78150062DE78 /* AccessibilityIdentifier.swift */,
			);
			path = Utils;
			sourceTree = "<group>";
		};
		63F162FE286D78F10062DE78 /* View */ = {
			isa = PBXGroup;
			children = (
				63F16301286D79710062DE78 /* MoviesListTableView */,
				63F162FF286D79210062DE78 /* MoviesListViewController.swift */,
				63F1633E2872D18F0062DE78 /* MoviesListViewController.storyboard */,
			);
			path = View;
			sourceTree = "<group>";
		};
		63F16301286D79710062DE78 /* MoviesListTableView */ = {
			isa = PBXGroup;
			children = (
				63F16304286D79A30062DE78 /* Cells */,
				63F16302286D79800062DE78 /* MoviesListTableViewController.swift */,
			);
			path = MoviesListTableView;
			sourceTree = "<group>";
		};
		63F16304286D79A30062DE78 /* Cells */ = {
			isa = PBXGroup;
			children = (
				63F16305286D79AF0062DE78 /* MoviesListItemCell.swift */,
			);
			path = Cells;
			sourceTree = "<group>";
		};
		63F16307286D7A300062DE78 /* Extensions */ = {
			isa = PBXGroup;
			children = (
				63F16308286D7A420062DE78 /* UIImageView+ImageSizeAfterAspectFit.swift */,
				63F1630A286D7A830062DE78 /* CGSize+ScaledSize.swift */,
				63F163292872C9930062DE78 /* UIViewController+AddChild.swift */,
				63F1632F2872CB4E0062DE78 /* UIViewController+AddBehaviors.swift */,
				63F163362872CCB20062DE78 /* UIViewController+ActivityIndicator.swift */,
			);
			path = Extensions;
			sourceTree = "<group>";
		};
		63F1630C286D99100062DE78 /* MovieDetails */ = {
			isa = PBXGroup;
			children = (
				63F16311286D99510062DE78 /* New Group */,
				63F1630E286D99240062DE78 /* View */,
				63F1630D286D991B0062DE78 /* ViewModel */,
			);
			path = MovieDetails;
			sourceTree = "<group>";
		};
		63F1630D286D991B0062DE78 /* ViewModel */ = {
			isa = PBXGroup;
			children = (
				63F16312286D99640062DE78 /* MovieDetailsViewModel.swift */,
			);
			path = ViewModel;
			sourceTree = "<group>";
		};
		63F1630E286D99240062DE78 /* View */ = {
			isa = PBXGroup;
			children = (
				63F1630F286D99300062DE78 /* MovieDetailsViewController.swift */,
			);
			path = View;
			sourceTree = "<group>";
		};
		63F16311286D99510062DE78 /* New Group */ = {
			isa = PBXGroup;
			children = (
			);
			path = "New Group";
			sourceTree = "<group>";
		};
		63F163162872C7090062DE78 /* MoviesQueriesList */ = {
			isa = PBXGroup;
			children = (
				63F1631D2872C7D70062DE78 /* View */,
				63F163172872C7150062DE78 /* ViewModel */,
			);
			path = MoviesQueriesList;
			sourceTree = "<group>";
		};
		63F163172872C7150062DE78 /* ViewModel */ = {
			isa = PBXGroup;
			children = (
				63F163182872C7210062DE78 /* MoviesQueryListViewModel.swift */,
				63F1631A2872C7680062DE78 /* MoviesQueryListItemViewModel.swift */,
			);
			path = ViewModel;
			sourceTree = "<group>";
		};
		63F1631C2872C7C90062DE78 /* SwiftUI */ = {
			isa = PBXGroup;
			children = (
				63F1631F2872C7FB0062DE78 /* MoviesQueryListView.swift */,
			);
			path = SwiftUI;
			sourceTree = "<group>";
		};
		63F1631D2872C7D70062DE78 /* View */ = {
			isa = PBXGroup;
			children = (
				63F1631E2872C7E30062DE78 /* UIKit */,
				63F1631C2872C7C90062DE78 /* SwiftUI */,
			);
			path = View;
			sourceTree = "<group>";
		};
		63F1631E2872C7E30062DE78 /* UIKit */ = {
			isa = PBXGroup;
			children = (
				63F163232872C8620062DE78 /* Cells */,
				63F163212872C8260062DE78 /* MoviesQueriesTableViewController.swift */,
			);
			path = UIKit;
			sourceTree = "<group>";
		};
		63F163232872C8620062DE78 /* Cells */ = {
			isa = PBXGroup;
			children = (
				63F163242872C8750062DE78 /* MoviesQueriesItemCell.swift */,
			);
			path = Cells;
			sourceTree = "<group>";
		};
		63F163262872C8CB0062DE78 /* Protocols */ = {
			isa = PBXGroup;
			children = (
				63F163272872C8D70062DE78 /* StoryboardInstantiable.swift */,
				63F1632D2872CAD40062DE78 /* Alertable.swift */,
			);
			path = Protocols;
			sourceTree = "<group>";
		};
		63F163312872CC380062DE78 /* Behaviors */ = {
			isa = PBXGroup;
			children = (
				63F163322872CC420062DE78 /* BackButtonEmptyTitleNavigationBarBehavior.swift */,
				63F163342872CC540062DE78 /* BlackStyleNavigationBarBehavior.swift */,
			);
			path = Behaviors;
			sourceTree = "<group>";
		};
/* End PBXGroup section */

/* Begin PBXNativeTarget section */
		63F1625E286D271E0062DE78 /* CleanArchitectureMvvm */ = {
			isa = PBXNativeTarget;
			buildConfigurationList = 63F16289286D27200062DE78 /* Build configuration list for PBXNativeTarget "CleanArchitectureMvvm" */;
			buildPhases = (
				63F1625B286D271E0062DE78 /* Sources */,
				63F1625C286D271E0062DE78 /* Frameworks */,
				63F1625D286D271E0062DE78 /* Resources */,
			);
			buildRules = (
			);
			dependencies = (
			);
			name = CleanArchitectureMvvm;
			productName = CleanArchitectureMvvm;
			productReference = 63F1625F286D271E0062DE78 /* CleanArchitectureMvvm.app */;
			productType = "com.apple.product-type.application";
		};
		63F16274286D27200062DE78 /* CleanArchitectureMvvmTests */ = {
			isa = PBXNativeTarget;
			buildConfigurationList = 63F1628C286D27200062DE78 /* Build configuration list for PBXNativeTarget "CleanArchitectureMvvmTests" */;
			buildPhases = (
				63F16271286D27200062DE78 /* Sources */,
				63F16272286D27200062DE78 /* Frameworks */,
				63F16273286D27200062DE78 /* Resources */,
			);
			buildRules = (
			);
			dependencies = (
				63F16277286D27200062DE78 /* PBXTargetDependency */,
			);
			name = CleanArchitectureMvvmTests;
			productName = CleanArchitectureMvvmTests;
			productReference = 63F16275286D27200062DE78 /* CleanArchitectureMvvmTests.xctest */;
			productType = "com.apple.product-type.bundle.unit-test";
		};
		63F1627E286D27200062DE78 /* CleanArchitectureMvvmUITests */ = {
			isa = PBXNativeTarget;
			buildConfigurationList = 63F1628F286D27200062DE78 /* Build configuration list for PBXNativeTarget "CleanArchitectureMvvmUITests" */;
			buildPhases = (
				63F1627B286D27200062DE78 /* Sources */,
				63F1627C286D27200062DE78 /* Frameworks */,
				63F1627D286D27200062DE78 /* Resources */,
			);
			buildRules = (
			);
			dependencies = (
				63F16281286D27200062DE78 /* PBXTargetDependency */,
			);
			name = CleanArchitectureMvvmUITests;
			productName = CleanArchitectureMvvmUITests;
			productReference = 63F1627F286D27200062DE78 /* CleanArchitectureMvvmUITests.xctest */;
			productType = "com.apple.product-type.bundle.ui-testing";
		};
/* End PBXNativeTarget section */

/* Begin PBXProject section */
		63F16257286D271E0062DE78 /* Project object */ = {
			isa = PBXProject;
			attributes = {
				BuildIndependentTargetsInParallel = 1;
				LastSwiftUpdateCheck = 1340;
				LastUpgradeCheck = 1340;
				TargetAttributes = {
					63F1625E286D271E0062DE78 = {
						CreatedOnToolsVersion = 13.4.1;
					};
					63F16274286D27200062DE78 = {
						CreatedOnToolsVersion = 13.4.1;
						TestTargetID = 63F1625E286D271E0062DE78;
					};
					63F1627E286D27200062DE78 = {
						CreatedOnToolsVersion = 13.4.1;
						TestTargetID = 63F1625E286D271E0062DE78;
					};
				};
			};
			buildConfigurationList = 63F1625A286D271E0062DE78 /* Build configuration list for PBXProject "CleanArchitectureMvvm" */;
			compatibilityVersion = "Xcode 13.0";
			developmentRegion = en;
			hasScannedForEncodings = 0;
			knownRegions = (
				en,
				Base,
			);
			mainGroup = 63F16256286D271E0062DE78;
			productRefGroup = 63F16260286D271E0062DE78 /* Products */;
			projectDirPath = "";
			projectRoot = "";
			targets = (
				63F1625E286D271E0062DE78 /* CleanArchitectureMvvm */,
				63F16274286D27200062DE78 /* CleanArchitectureMvvmTests */,
				63F1627E286D27200062DE78 /* CleanArchitectureMvvmUITests */,
			);
		};
/* End PBXProject section */

/* Begin PBXResourcesBuildPhase section */
		63F1625D286D271E0062DE78 /* Resources */ = {
			isa = PBXResourcesBuildPhase;
			buildActionMask = 2147483647;
			files = (
				63F1633F2872D18F0062DE78 /* MoviesListViewController.storyboard in Resources */,
				63F1626F286D27200062DE78 /* LaunchScreen.storyboard in Resources */,
				63F1626C286D27200062DE78 /* Assets.xcassets in Resources */,
			);
			runOnlyForDeploymentPostprocessing = 0;
		};
		63F16273286D27200062DE78 /* Resources */ = {
			isa = PBXResourcesBuildPhase;
			buildActionMask = 2147483647;
			files = (
			);
			runOnlyForDeploymentPostprocessing = 0;
		};
		63F1627D286D27200062DE78 /* Resources */ = {
			isa = PBXResourcesBuildPhase;
			buildActionMask = 2147483647;
			files = (
			);
			runOnlyForDeploymentPostprocessing = 0;
		};
/* End PBXResourcesBuildPhase section */

/* Begin PBXSourcesBuildPhase section */
		63F1625B286D271E0062DE78 /* Sources */ = {
			isa = PBXSourcesBuildPhase;
			buildActionMask = 2147483647;
			files = (
				63F162B2286D30460062DE78 /* Cancellable.swift in Sources */,
				63F162BC286D32620062DE78 /* CoreDataStorage.swift in Sources */,
				63F162E2286D41040062DE78 /* DefaultMoviesRepository.swift in Sources */,
				63F162F4286D765E0062DE78 /* MoviesListViewModel.swift in Sources */,
				63F162D6286D3F760062DE78 /* SearchMoviesUseCase.swift in Sources */,
				63F162E8286D74810062DE78 /* DefaultMoviesQueriesRepository.swift in Sources */,
				63F1633B2872CDA50062DE78 /* AppFlowCoordinator.swift in Sources */,
				63F162CE286D3D1A0062DE78 /* MoviesResponseDTO+Mapping.swift in Sources */,
				63F16300286D79210062DE78 /* MoviesListViewController.swift in Sources */,
				63F163352872CC540062DE78 /* BlackStyleNavigationBarBehavior.swift in Sources */,
				63F1629B286D2AFB0062DE78 /* DataTransferService.swift in Sources */,
				63F162C2286D35140062DE78 /* CoreDataStorage.xcdatamodeld in Sources */,
				63F163252872C8750062DE78 /* MoviesQueriesItemCell.swift in Sources */,
				63F162AF286D2FFF0062DE78 /* MovieQuery.swift in Sources */,
				63F162CC286D3D010062DE78 /* MoviesRequestDTO.swift in Sources */,
				63F163202872C7FB0062DE78 /* MoviesQueryListView.swift in Sources */,
				63F162FB286D77B00062DE78 /* LoadingView.swift in Sources */,
				63F16295286D29E80062DE78 /* AppDIContainer.swift in Sources */,
				63F1631B2872C7680062DE78 /* MoviesQueryListItemViewModel.swift in Sources */,
				63F16310286D99300062DE78 /* MovieDetailsViewController.swift in Sources */,
				63F162AD286D2FAF0062DE78 /* Movie.swift in Sources */,
				63F163332872CC420062DE78 /* BackButtonEmptyTitleNavigationBarBehavior.swift in Sources */,
				63F1632A2872C9930062DE78 /* UIViewController+AddChild.swift in Sources */,
				63F16306286D79AF0062DE78 /* MoviesListItemCell.swift in Sources */,
				63F162DF286D409D0062DE78 /* FetchRecentMovieQueriesUseCase.swift in Sources */,
				63F1632E2872CAD40062DE78 /* Alertable.swift in Sources */,
				63F162D0286D3DC20062DE78 /* CoreDataMoviesResponseStorage.swift in Sources */,
				63F162DA286D3FBA0062DE78 /* PosterImagesRepository.swift in Sources */,
				63F1630B286D7A830062DE78 /* CGSize+ScaledSize.swift in Sources */,
				63F1629F286D2B450062DE78 /* Endpoint.swift in Sources */,
				63F162AA286D2F5C0062DE78 /* MoviesRepository.swift in Sources */,
				63F163222872C8260062DE78 /* MoviesQueriesTableViewController.swift in Sources */,
				63F16297286D2A1B0062DE78 /* AppConfiguration.swift in Sources */,
				63F162EF286D76190062DE78 /* MoviesSearchFlowCoordinator.swift in Sources */,
				63F162BF286D34010062DE78 /* MovieQueryEntity+Mapping.swift in Sources */,
				63F162D8286D3FA60062DE78 /* MoviesQueriesRepository.swift in Sources */,
				63F162A3286D2EAB0062DE78 /* MoviesSceneDIContainer.swift in Sources */,
				63F162D3286D3E020062DE78 /* MoviesResponseEntity+Mapping.swift in Sources */,
				63F163282872C8D70062DE78 /* StoryboardInstantiable.swift in Sources */,
				63F162B6286D31180062DE78 /* MoviesQueriesStorage.swift in Sources */,
				63F162FD286D78150062DE78 /* AccessibilityIdentifier.swift in Sources */,
				63F16263286D271E0062DE78 /* AppDelegate.swift in Sources */,
				63F16313286D99640062DE78 /* MovieDetailsViewModel.swift in Sources */,
				63F1629D286D2B1F0062DE78 /* NetworkService.swift in Sources */,
				63F163372872CCB20062DE78 /* UIViewController+ActivityIndicator.swift in Sources */,
				63F162C8286D3C540062DE78 /* MoviesResponseStorage.swift in Sources */,
				63F1632C2872CA610062DE78 /* ConnectionError.swift in Sources */,
				63F162F9286D77170062DE78 /* MoviesListItemViewModel.swift in Sources */,
				63F163392872CD8B0062DE78 /* AppAppearance.swift in Sources */,
				63F162F7286D76B10062DE78 /* Observable.swift in Sources */,
				63F162EA286D74BE0062DE78 /* DefaultPosterImagesRepository.swift in Sources */,
				63F162E6286D54270062DE78 /* APIEndpoints.swift in Sources */,
				63F162DD286D40190062DE78 /* UseCase.swift in Sources */,
				63F163192872C7210062DE78 /* MoviesQueryListViewModel.swift in Sources */,
				63F162B9286D32240062DE78 /* CoreDataMoviesQueriesStorage.swift in Sources */,
				63F162A1286D2B7C0062DE78 /* NetworkConfig.swift in Sources */,
				63F16303286D79800062DE78 /* MoviesListTableViewController.swift in Sources */,
				63F16309286D7A420062DE78 /* UIImageView+ImageSizeAfterAspectFit.swift in Sources */,
				63F162E4286D411E0062DE78 /* RepositoryTask.swift in Sources */,
				63F163302872CB4E0062DE78 /* UIViewController+AddBehaviors.swift in Sources */,
			);
			runOnlyForDeploymentPostprocessing = 0;
		};
		63F16271286D27200062DE78 /* Sources */ = {
			isa = PBXSourcesBuildPhase;
			buildActionMask = 2147483647;
			files = (
				63F1627A286D27200062DE78 /* CleanArchitectureMvvmTests.swift in Sources */,
			);
			runOnlyForDeploymentPostprocessing = 0;
		};
		63F1627B286D27200062DE78 /* Sources */ = {
			isa = PBXSourcesBuildPhase;
			buildActionMask = 2147483647;
			files = (
				63F16284286D27200062DE78 /* CleanArchitectureMvvmUITests.swift in Sources */,
				63F16286286D27200062DE78 /* CleanArchitectureMvvmUITestsLaunchTests.swift in Sources */,
			);
			runOnlyForDeploymentPostprocessing = 0;
		};
/* End PBXSourcesBuildPhase section */

/* Begin PBXTargetDependency section */
		63F16277286D27200062DE78 /* PBXTargetDependency */ = {
			isa = PBXTargetDependency;
			target = 63F1625E286D271E0062DE78 /* CleanArchitectureMvvm */;
			targetProxy = 63F16276286D27200062DE78 /* PBXContainerItemProxy */;
		};
		63F16281286D27200062DE78 /* PBXTargetDependency */ = {
			isa = PBXTargetDependency;
			target = 63F1625E286D271E0062DE78 /* CleanArchitectureMvvm */;
			targetProxy = 63F16280286D27200062DE78 /* PBXContainerItemProxy */;
		};
/* End PBXTargetDependency section */

/* Begin PBXVariantGroup section */
		63F1626D286D27200062DE78 /* LaunchScreen.storyboard */ = {
			isa = PBXVariantGroup;
			children = (
				63F1626E286D27200062DE78 /* Base */,
			);
			name = LaunchScreen.storyboard;
			sourceTree = "<group>";
		};
/* End PBXVariantGroup section */

/* Begin XCBuildConfiguration section */
		63F16287286D27200062DE78 /* Debug */ = {
			isa = XCBuildConfiguration;
			buildSettings = {
				ALWAYS_SEARCH_USER_PATHS = NO;
				CLANG_ANALYZER_NONNULL = YES;
				CLANG_ANALYZER_NUMBER_OBJECT_CONVERSION = YES_AGGRESSIVE;
				CLANG_CXX_LANGUAGE_STANDARD = "gnu++17";
				CLANG_ENABLE_MODULES = YES;
				CLANG_ENABLE_OBJC_ARC = YES;
				CLANG_ENABLE_OBJC_WEAK = YES;
				CLANG_WARN_BLOCK_CAPTURE_AUTORELEASING = YES;
				CLANG_WARN_BOOL_CONVERSION = YES;
				CLANG_WARN_COMMA = YES;
				CLANG_WARN_CONSTANT_CONVERSION = YES;
				CLANG_WARN_DEPRECATED_OBJC_IMPLEMENTATIONS = YES;
				CLANG_WARN_DIRECT_OBJC_ISA_USAGE = YES_ERROR;
				CLANG_WARN_DOCUMENTATION_COMMENTS = YES;
				CLANG_WARN_EMPTY_BODY = YES;
				CLANG_WARN_ENUM_CONVERSION = YES;
				CLANG_WARN_INFINITE_RECURSION = YES;
				CLANG_WARN_INT_CONVERSION = YES;
				CLANG_WARN_NON_LITERAL_NULL_CONVERSION = YES;
				CLANG_WARN_OBJC_IMPLICIT_RETAIN_SELF = YES;
				CLANG_WARN_OBJC_LITERAL_CONVERSION = YES;
				CLANG_WARN_OBJC_ROOT_CLASS = YES_ERROR;
				CLANG_WARN_QUOTED_INCLUDE_IN_FRAMEWORK_HEADER = YES;
				CLANG_WARN_RANGE_LOOP_ANALYSIS = YES;
				CLANG_WARN_STRICT_PROTOTYPES = YES;
				CLANG_WARN_SUSPICIOUS_MOVE = YES;
				CLANG_WARN_UNGUARDED_AVAILABILITY = YES_AGGRESSIVE;
				CLANG_WARN_UNREACHABLE_CODE = YES;
				CLANG_WARN__DUPLICATE_METHOD_MATCH = YES;
				COPY_PHASE_STRIP = NO;
				DEBUG_INFORMATION_FORMAT = dwarf;
				ENABLE_STRICT_OBJC_MSGSEND = YES;
				ENABLE_TESTABILITY = YES;
				GCC_C_LANGUAGE_STANDARD = gnu11;
				GCC_DYNAMIC_NO_PIC = NO;
				GCC_NO_COMMON_BLOCKS = YES;
				GCC_OPTIMIZATION_LEVEL = 0;
				GCC_PREPROCESSOR_DEFINITIONS = (
					"DEBUG=1",
					"$(inherited)",
				);
				GCC_WARN_64_TO_32_BIT_CONVERSION = YES;
				GCC_WARN_ABOUT_RETURN_TYPE = YES_ERROR;
				GCC_WARN_UNDECLARED_SELECTOR = YES;
				GCC_WARN_UNINITIALIZED_AUTOS = YES_AGGRESSIVE;
				GCC_WARN_UNUSED_FUNCTION = YES;
				GCC_WARN_UNUSED_VARIABLE = YES;
				IPHONEOS_DEPLOYMENT_TARGET = 15.5;
				MTL_ENABLE_DEBUG_INFO = INCLUDE_SOURCE;
				MTL_FAST_MATH = YES;
				ONLY_ACTIVE_ARCH = YES;
				SDKROOT = iphoneos;
				SWIFT_ACTIVE_COMPILATION_CONDITIONS = DEBUG;
				SWIFT_OPTIMIZATION_LEVEL = "-Onone";
			};
			name = Debug;
		};
		63F16288286D27200062DE78 /* Release */ = {
			isa = XCBuildConfiguration;
			buildSettings = {
				ALWAYS_SEARCH_USER_PATHS = NO;
				CLANG_ANALYZER_NONNULL = YES;
				CLANG_ANALYZER_NUMBER_OBJECT_CONVERSION = YES_AGGRESSIVE;
				CLANG_CXX_LANGUAGE_STANDARD = "gnu++17";
				CLANG_ENABLE_MODULES = YES;
				CLANG_ENABLE_OBJC_ARC = YES;
				CLANG_ENABLE_OBJC_WEAK = YES;
				CLANG_WARN_BLOCK_CAPTURE_AUTORELEASING = YES;
				CLANG_WARN_BOOL_CONVERSION = YES;
				CLANG_WARN_COMMA = YES;
				CLANG_WARN_CONSTANT_CONVERSION = YES;
				CLANG_WARN_DEPRECATED_OBJC_IMPLEMENTATIONS = YES;
				CLANG_WARN_DIRECT_OBJC_ISA_USAGE = YES_ERROR;
				CLANG_WARN_DOCUMENTATION_COMMENTS = YES;
				CLANG_WARN_EMPTY_BODY = YES;
				CLANG_WARN_ENUM_CONVERSION = YES;
				CLANG_WARN_INFINITE_RECURSION = YES;
				CLANG_WARN_INT_CONVERSION = YES;
				CLANG_WARN_NON_LITERAL_NULL_CONVERSION = YES;
				CLANG_WARN_OBJC_IMPLICIT_RETAIN_SELF = YES;
				CLANG_WARN_OBJC_LITERAL_CONVERSION = YES;
				CLANG_WARN_OBJC_ROOT_CLASS = YES_ERROR;
				CLANG_WARN_QUOTED_INCLUDE_IN_FRAMEWORK_HEADER = YES;
				CLANG_WARN_RANGE_LOOP_ANALYSIS = YES;
				CLANG_WARN_STRICT_PROTOTYPES = YES;
				CLANG_WARN_SUSPICIOUS_MOVE = YES;
				CLANG_WARN_UNGUARDED_AVAILABILITY = YES_AGGRESSIVE;
				CLANG_WARN_UNREACHABLE_CODE = YES;
				CLANG_WARN__DUPLICATE_METHOD_MATCH = YES;
				COPY_PHASE_STRIP = NO;
				DEBUG_INFORMATION_FORMAT = "dwarf-with-dsym";
				ENABLE_NS_ASSERTIONS = NO;
				ENABLE_STRICT_OBJC_MSGSEND = YES;
				GCC_C_LANGUAGE_STANDARD = gnu11;
				GCC_NO_COMMON_BLOCKS = YES;
				GCC_WARN_64_TO_32_BIT_CONVERSION = YES;
				GCC_WARN_ABOUT_RETURN_TYPE = YES_ERROR;
				GCC_WARN_UNDECLARED_SELECTOR = YES;
				GCC_WARN_UNINITIALIZED_AUTOS = YES_AGGRESSIVE;
				GCC_WARN_UNUSED_FUNCTION = YES;
				GCC_WARN_UNUSED_VARIABLE = YES;
				IPHONEOS_DEPLOYMENT_TARGET = 15.5;
				MTL_ENABLE_DEBUG_INFO = NO;
				MTL_FAST_MATH = YES;
				SDKROOT = iphoneos;
				SWIFT_COMPILATION_MODE = wholemodule;
				SWIFT_OPTIMIZATION_LEVEL = "-O";
				VALIDATE_PRODUCT = YES;
			};
			name = Release;
		};
		63F1628A286D27200062DE78 /* Debug */ = {
			isa = XCBuildConfiguration;
			buildSettings = {
				API_BASE_URL = "http://api.themoviedb.org";
				API_KEY = 2696829a81b1b5827d515ff121700838;
				ASSETCATALOG_COMPILER_APPICON_NAME = AppIcon;
				ASSETCATALOG_COMPILER_GLOBAL_ACCENT_COLOR_NAME = AccentColor;
				CODE_SIGN_STYLE = Automatic;
				CURRENT_PROJECT_VERSION = 1;
				DEVELOPMENT_TEAM = M743JMVNTV;
				GENERATE_INFOPLIST_FILE = YES;
				IMAGE_BASE_URL = "http://image.tmdb.org";
				INFOPLIST_FILE = CleanArchitectureMvvm/Info.plist;
				INFOPLIST_KEY_UIApplicationSupportsIndirectInputEvents = YES;
				INFOPLIST_KEY_UILaunchStoryboardName = LaunchScreen;
				INFOPLIST_KEY_UISupportedInterfaceOrientations = "UIInterfaceOrientationPortrait UIInterfaceOrientationLandscapeLeft UIInterfaceOrientationLandscapeRight";
				INFOPLIST_KEY_UISupportedInterfaceOrientations_iPad = "UIInterfaceOrientationPortrait UIInterfaceOrientationPortraitUpsideDown UIInterfaceOrientationLandscapeLeft UIInterfaceOrientationLandscapeRight";
				INFOPLIST_KEY_UISupportedInterfaceOrientations_iPhone = "UIInterfaceOrientationPortrait UIInterfaceOrientationLandscapeLeft UIInterfaceOrientationLandscapeRight";
				LD_RUNPATH_SEARCH_PATHS = (
					"$(inherited)",
					"@executable_path/Frameworks",
				);
				MARKETING_VERSION = 1.0;
				PRODUCT_BUNDLE_IDENTIFIER = com.study.CleanArchitectureMvvm;
				PRODUCT_NAME = "$(TARGET_NAME)";
				SWIFT_EMIT_LOC_STRINGS = YES;
				SWIFT_VERSION = 5.0;
				TARGETED_DEVICE_FAMILY = "1,2";
			};
			name = Debug;
		};
		63F1628B286D27200062DE78 /* Release */ = {
			isa = XCBuildConfiguration;
			buildSettings = {
				API_BASE_URL = "http://api.themoviedb.org";
				API_KEY = 2696829a81b1b5827d515ff121700838;
				ASSETCATALOG_COMPILER_APPICON_NAME = AppIcon;
				ASSETCATALOG_COMPILER_GLOBAL_ACCENT_COLOR_NAME = AccentColor;
				CODE_SIGN_STYLE = Automatic;
				CURRENT_PROJECT_VERSION = 1;
				DEVELOPMENT_TEAM = M743JMVNTV;
				GENERATE_INFOPLIST_FILE = YES;
				IMAGE_BASE_URL = "http://image.tmdb.org";
				INFOPLIST_FILE = CleanArchitectureMvvm/Info.plist;
				INFOPLIST_KEY_UIApplicationSupportsIndirectInputEvents = YES;
				INFOPLIST_KEY_UILaunchStoryboardName = LaunchScreen;
				INFOPLIST_KEY_UISupportedInterfaceOrientations = "UIInterfaceOrientationPortrait UIInterfaceOrientationLandscapeLeft UIInterfaceOrientationLandscapeRight";
				INFOPLIST_KEY_UISupportedInterfaceOrientations_iPad = "UIInterfaceOrientationPortrait UIInterfaceOrientationPortraitUpsideDown UIInterfaceOrientationLandscapeLeft UIInterfaceOrientationLandscapeRight";
				INFOPLIST_KEY_UISupportedInterfaceOrientations_iPhone = "UIInterfaceOrientationPortrait UIInterfaceOrientationLandscapeLeft UIInterfaceOrientationLandscapeRight";
				LD_RUNPATH_SEARCH_PATHS = (
					"$(inherited)",
					"@executable_path/Frameworks",
				);
				MARKETING_VERSION = 1.0;
				PRODUCT_BUNDLE_IDENTIFIER = com.study.CleanArchitectureMvvm;
				PRODUCT_NAME = "$(TARGET_NAME)";
				SWIFT_EMIT_LOC_STRINGS = YES;
				SWIFT_VERSION = 5.0;
				TARGETED_DEVICE_FAMILY = "1,2";
			};
			name = Release;
		};
		63F1628D286D27200062DE78 /* Debug */ = {
			isa = XCBuildConfiguration;
			buildSettings = {
				ALWAYS_EMBED_SWIFT_STANDARD_LIBRARIES = YES;
				BUNDLE_LOADER = "$(TEST_HOST)";
				CODE_SIGN_STYLE = Automatic;
				CURRENT_PROJECT_VERSION = 1;
				DEVELOPMENT_TEAM = M743JMVNTV;
				GENERATE_INFOPLIST_FILE = YES;
				IPHONEOS_DEPLOYMENT_TARGET = 15.5;
				MARKETING_VERSION = 1.0;
				PRODUCT_BUNDLE_IDENTIFIER = com.study.CleanArchitectureMvvmTests;
				PRODUCT_NAME = "$(TARGET_NAME)";
				SWIFT_EMIT_LOC_STRINGS = NO;
				SWIFT_VERSION = 5.0;
				TARGETED_DEVICE_FAMILY = "1,2";
				TEST_HOST = "$(BUILT_PRODUCTS_DIR)/CleanArchitectureMvvm.app/CleanArchitectureMvvm";
			};
			name = Debug;
		};
		63F1628E286D27200062DE78 /* Release */ = {
			isa = XCBuildConfiguration;
			buildSettings = {
				ALWAYS_EMBED_SWIFT_STANDARD_LIBRARIES = YES;
				BUNDLE_LOADER = "$(TEST_HOST)";
				CODE_SIGN_STYLE = Automatic;
				CURRENT_PROJECT_VERSION = 1;
				DEVELOPMENT_TEAM = M743JMVNTV;
				GENERATE_INFOPLIST_FILE = YES;
				IPHONEOS_DEPLOYMENT_TARGET = 15.5;
				MARKETING_VERSION = 1.0;
				PRODUCT_BUNDLE_IDENTIFIER = com.study.CleanArchitectureMvvmTests;
				PRODUCT_NAME = "$(TARGET_NAME)";
				SWIFT_EMIT_LOC_STRINGS = NO;
				SWIFT_VERSION = 5.0;
				TARGETED_DEVICE_FAMILY = "1,2";
				TEST_HOST = "$(BUILT_PRODUCTS_DIR)/CleanArchitectureMvvm.app/CleanArchitectureMvvm";
			};
			name = Release;
		};
		63F16290286D27200062DE78 /* Debug */ = {
			isa = XCBuildConfiguration;
			buildSettings = {
				ALWAYS_EMBED_SWIFT_STANDARD_LIBRARIES = YES;
				CODE_SIGN_STYLE = Automatic;
				CURRENT_PROJECT_VERSION = 1;
				DEVELOPMENT_TEAM = M743JMVNTV;
				GENERATE_INFOPLIST_FILE = YES;
				MARKETING_VERSION = 1.0;
				PRODUCT_BUNDLE_IDENTIFIER = com.study.CleanArchitectureMvvmUITests;
				PRODUCT_NAME = "$(TARGET_NAME)";
				SWIFT_EMIT_LOC_STRINGS = NO;
				SWIFT_VERSION = 5.0;
				TARGETED_DEVICE_FAMILY = "1,2";
				TEST_TARGET_NAME = CleanArchitectureMvvm;
			};
			name = Debug;
		};
		63F16291286D27200062DE78 /* Release */ = {
			isa = XCBuildConfiguration;
			buildSettings = {
				ALWAYS_EMBED_SWIFT_STANDARD_LIBRARIES = YES;
				CODE_SIGN_STYLE = Automatic;
				CURRENT_PROJECT_VERSION = 1;
				DEVELOPMENT_TEAM = M743JMVNTV;
				GENERATE_INFOPLIST_FILE = YES;
				MARKETING_VERSION = 1.0;
				PRODUCT_BUNDLE_IDENTIFIER = com.study.CleanArchitectureMvvmUITests;
				PRODUCT_NAME = "$(TARGET_NAME)";
				SWIFT_EMIT_LOC_STRINGS = NO;
				SWIFT_VERSION = 5.0;
				TARGETED_DEVICE_FAMILY = "1,2";
				TEST_TARGET_NAME = CleanArchitectureMvvm;
			};
			name = Release;
		};
/* End XCBuildConfiguration section */

/* Begin XCConfigurationList section */
		63F1625A286D271E0062DE78 /* Build configuration list for PBXProject "CleanArchitectureMvvm" */ = {
			isa = XCConfigurationList;
			buildConfigurations = (
				63F16287286D27200062DE78 /* Debug */,
				63F16288286D27200062DE78 /* Release */,
			);
			defaultConfigurationIsVisible = 0;
			defaultConfigurationName = Release;
		};
		63F16289286D27200062DE78 /* Build configuration list for PBXNativeTarget "CleanArchitectureMvvm" */ = {
			isa = XCConfigurationList;
			buildConfigurations = (
				63F1628A286D27200062DE78 /* Debug */,
				63F1628B286D27200062DE78 /* Release */,
			);
			defaultConfigurationIsVisible = 0;
			defaultConfigurationName = Release;
		};
		63F1628C286D27200062DE78 /* Build configuration list for PBXNativeTarget "CleanArchitectureMvvmTests" */ = {
			isa = XCConfigurationList;
			buildConfigurations = (
				63F1628D286D27200062DE78 /* Debug */,
				63F1628E286D27200062DE78 /* Release */,
			);
			defaultConfigurationIsVisible = 0;
			defaultConfigurationName = Release;
		};
		63F1628F286D27200062DE78 /* Build configuration list for PBXNativeTarget "CleanArchitectureMvvmUITests" */ = {
			isa = XCConfigurationList;
			buildConfigurations = (
				63F16290286D27200062DE78 /* Debug */,
				63F16291286D27200062DE78 /* Release */,
			);
			defaultConfigurationIsVisible = 0;
			defaultConfigurationName = Release;
		};
/* End XCConfigurationList section */

/* Begin XCVersionGroup section */
		63F162C0286D35140062DE78 /* CoreDataStorage.xcdatamodeld */ = {
			isa = XCVersionGroup;
			children = (
				63F162C1286D35140062DE78 /* CoreDataStorage.xcdatamodel */,
			);
			currentVersion = 63F162C1286D35140062DE78 /* CoreDataStorage.xcdatamodel */;
			path = CoreDataStorage.xcdatamodeld;
			sourceTree = "<group>";
			versionGroupType = wrapper.xcdatamodel;
		};
/* End XCVersionGroup section */
	};
	rootObject = 63F16257286D271E0062DE78 /* Project object */;
}
